// !$*UTF8*$!
{
	archiveVersion = 1;
	classes = {
	};
	objectVersion = 56;
	objects = {

/* Begin PBXBuildFile section */
		B01 /* SockystickApp.swift in Sources */ = {isa = PBXBuildFile; fileRef = F01; };
		B02 /* NetworkInterface.swift in Sources */ = {isa = PBXBuildFile; fileRef = F02; };
		B03 /* ProxyConfig.swift in Sources */ = {isa = PBXBuildFile; fileRef = F03; };
		B04 /* NetworkProxyManager.swift in Sources */ = {isa = PBXBuildFile; fileRef = F04; };
		B05 /* ProxyStateViewModel.swift in Sources */ = {isa = PBXBuildFile; fileRef = F05; };
		B06 /* UpdaterViewModel.swift in Sources */ = {isa = PBXBuildFile; fileRef = F06; };
		B07 /* ContentView.swift in Sources */ = {isa = PBXBuildFile; fileRef = F07; };
		B08 /* MenuBarView.swift in Sources */ = {isa = PBXBuildFile; fileRef = F08; };
		B09 /* SettingsView.swift in Sources */ = {isa = PBXBuildFile; fileRef = F09; };
		B10 /* StatusBadgeView.swift in Sources */ = {isa = PBXBuildFile; fileRef = F10; };
		B11 /* Assets.xcassets in Resources */ = {isa = PBXBuildFile; fileRef = F11; };
		B12 /* Sparkle in Frameworks */ = {isa = PBXBuildFile; productRef = P01 /* Sparkle */; };
		B13 /* KeychainHelper.swift in Sources */ = {isa = PBXBuildFile; fileRef = F14; };
		B14 /* LogEntry.swift in Sources */ = {isa = PBXBuildFile; fileRef = F15; };
		B15 /* LogStore.swift in Sources */ = {isa = PBXBuildFile; fileRef = F16; };
		B16 /* LogsView.swift in Sources */ = {isa = PBXBuildFile; fileRef = F17; };
		B17 /* SOCKS5BridgeServer.swift in Sources */ = {isa = PBXBuildFile; fileRef = F18; };

		BT01 /* NetworkProxyManagerTests.swift in Sources */ = {isa = PBXBuildFile; fileRef = FT01; };
		BT02 /* ProxyConfigTests.swift in Sources */ = {isa = PBXBuildFile; fileRef = FT02; };
		BT03 /* ProxyStateViewModelTests.swift in Sources */ = {isa = PBXBuildFile; fileRef = FT03; };
		BT04 /* KeychainHelperTests.swift in Sources */ = {isa = PBXBuildFile; fileRef = FT04; };
		BT05 /* LogStoreTests.swift in Sources */ = {isa = PBXBuildFile; fileRef = FT05; };
		BT06 /* SOCKS5BridgeServerTests.swift in Sources */ = {isa = PBXBuildFile; fileRef = FT06; };

		BU01 /* SockystickUITests.swift in Sources */ = {isa = PBXBuildFile; fileRef = FU01; };
/* End PBXBuildFile section */

/* Begin PBXContainerItemProxy section */
		C01 /* PBXContainerItemProxy */ = {
			isa = PBXContainerItemProxy;
			containerPortal = 900 /* Project object */;
			proxyType = 1;
			remoteGlobalIDString = T01;
			remoteInfo = Sockystick;
		};
		C02 /* PBXContainerItemProxy */ = {
			isa = PBXContainerItemProxy;
			containerPortal = 900 /* Project object */;
			proxyType = 1;
			remoteGlobalIDString = T01;
			remoteInfo = Sockystick;
		};
/* End PBXContainerItemProxy section */

/* Begin PBXFileReference section */
		F01 /* SockystickApp.swift */ = {isa = PBXFileReference; lastKnownFileType = sourcecode.swift; path = SockystickApp.swift; sourceTree = "<group>"; };
		F02 /* NetworkInterface.swift */ = {isa = PBXFileReference; lastKnownFileType = sourcecode.swift; path = NetworkInterface.swift; sourceTree = "<group>"; };
		F03 /* ProxyConfig.swift */ = {isa = PBXFileReference; lastKnownFileType = sourcecode.swift; path = ProxyConfig.swift; sourceTree = "<group>"; };
		F04 /* NetworkProxyManager.swift */ = {isa = PBXFileReference; lastKnownFileType = sourcecode.swift; path = NetworkProxyManager.swift; sourceTree = "<group>"; };
		F05 /* ProxyStateViewModel.swift */ = {isa = PBXFileReference; lastKnownFileType = sourcecode.swift; path = ProxyStateViewModel.swift; sourceTree = "<group>"; };
		F06 /* UpdaterViewModel.swift */ = {isa = PBXFileReference; lastKnownFileType = sourcecode.swift; path = UpdaterViewModel.swift; sourceTree = "<group>"; };
		F07 /* ContentView.swift */ = {isa = PBXFileReference; lastKnownFileType = sourcecode.swift; path = ContentView.swift; sourceTree = "<group>"; };
		F08 /* MenuBarView.swift */ = {isa = PBXFileReference; lastKnownFileType = sourcecode.swift; path = MenuBarView.swift; sourceTree = "<group>"; };
		F09 /* SettingsView.swift */ = {isa = PBXFileReference; lastKnownFileType = sourcecode.swift; path = SettingsView.swift; sourceTree = "<group>"; };
		F10 /* StatusBadgeView.swift */ = {isa = PBXFileReference; lastKnownFileType = sourcecode.swift; path = StatusBadgeView.swift; sourceTree = "<group>"; };
		F11 /* Assets.xcassets */ = {isa = PBXFileReference; lastKnownFileType = folder.assetcatalog; path = Assets.xcassets; sourceTree = "<group>"; };
		F12 /* Info.plist */ = {isa = PBXFileReference; lastKnownFileType = text.plist.xml; path = Info.plist; sourceTree = "<group>"; };
		F13 /* Sockystick.entitlements */ = {isa = PBXFileReference; lastKnownFileType = text.plist.entitlements; path = Sockystick.entitlements; sourceTree = "<group>"; };
		F14 /* KeychainHelper.swift */ = {isa = PBXFileReference; lastKnownFileType = sourcecode.swift; path = KeychainHelper.swift; sourceTree = "<group>"; };
		F15 /* LogEntry.swift */ = {isa = PBXFileReference; lastKnownFileType = sourcecode.swift; path = LogEntry.swift; sourceTree = "<group>"; };
		F16 /* LogStore.swift */ = {isa = PBXFileReference; lastKnownFileType = sourcecode.swift; path = LogStore.swift; sourceTree = "<group>"; };
		F17 /* LogsView.swift */ = {isa = PBXFileReference; lastKnownFileType = sourcecode.swift; path = LogsView.swift; sourceTree = "<group>"; };
		F18 /* SOCKS5BridgeServer.swift */ = {isa = PBXFileReference; lastKnownFileType = sourcecode.swift; path = SOCKS5BridgeServer.swift; sourceTree = "<group>"; };

		P02 /* Sockystick.app */ = {isa = PBXFileReference; explicitFileType = wrapper.application; includeInIndex = 0; path = Sockystick.app; sourceTree = BUILT_PRODUCTS_DIR; };

		FT01 /* NetworkProxyManagerTests.swift */ = {isa = PBXFileReference; lastKnownFileType = sourcecode.swift; path = NetworkProxyManagerTests.swift; sourceTree = "<group>"; };
		FT02 /* ProxyConfigTests.swift */ = {isa = PBXFileReference; lastKnownFileType = sourcecode.swift; path = ProxyConfigTests.swift; sourceTree = "<group>"; };
		FT03 /* ProxyStateViewModelTests.swift */ = {isa = PBXFileReference; lastKnownFileType = sourcecode.swift; path = ProxyStateViewModelTests.swift; sourceTree = "<group>"; };
		FT04 /* KeychainHelperTests.swift */ = {isa = PBXFileReference; lastKnownFileType = sourcecode.swift; path = KeychainHelperTests.swift; sourceTree = "<group>"; };
		FT05 /* LogStoreTests.swift */ = {isa = PBXFileReference; lastKnownFileType = sourcecode.swift; path = LogStoreTests.swift; sourceTree = "<group>"; };
		FT06 /* SOCKS5BridgeServerTests.swift */ = {isa = PBXFileReference; lastKnownFileType = sourcecode.swift; path = SOCKS5BridgeServerTests.swift; sourceTree = "<group>"; };
		PT01 /* SockystickTests.xctest */ = {isa = PBXFileReference; explicitFileType = wrapper.cfbundle; includeInIndex = 0; path = SockystickTests.xctest; sourceTree = BUILT_PRODUCTS_DIR; };

		FU01 /* SockystickUITests.swift */ = {isa = PBXFileReference; lastKnownFileType = sourcecode.swift; path = SockystickUITests.swift; sourceTree = "<group>"; };
		PU01 /* SockystickUITests.xctest */ = {isa = PBXFileReference; explicitFileType = wrapper.cfbundle; includeInIndex = 0; path = SockystickUITests.xctest; sourceTree = BUILT_PRODUCTS_DIR; };
/* End PBXFileReference section */

/* Begin PBXFrameworksBuildPhase section */
		501 /* Frameworks */ = {
			isa = PBXFrameworksBuildPhase;
			buildActionMask = 2147483647;
			files = (
				B12 /* Sparkle in Frameworks */,
			);
			runOnlyForDeploymentPostprocessing = 0;
		};
		502 /* Frameworks */ = {
			isa = PBXFrameworksBuildPhase;
			buildActionMask = 2147483647;
			files = (
			);
			runOnlyForDeploymentPostprocessing = 0;
		};
		503 /* Frameworks */ = {
			isa = PBXFrameworksBuildPhase;
			buildActionMask = 2147483647;
			files = (
			);
			runOnlyForDeploymentPostprocessing = 0;
		};
/* End PBXFrameworksBuildPhase section */

/* Begin PBXGroup section */
		600 = {
			isa = PBXGroup;
			children = (
				601 /* Sockystick */,
				602 /* SockystickTests */,
				603 /* SockystickUITests */,
				604 /* Products */,
			);
			sourceTree = "<group>";
		};
		601 /* Sockystick */ = {
			isa = PBXGroup;
			children = (
				F01 /* SockystickApp.swift */,
				610 /* Models */,
				611 /* Services */,
				612 /* ViewModels */,
				613 /* Views */,
				F11 /* Assets.xcassets */,
				F12 /* Info.plist */,
				F13 /* Sockystick.entitlements */,
			);
			path = Sockystick;
			sourceTree = "<group>";
		};
		610 /* Models */ = {
			isa = PBXGroup;
			children = (
				F02 /* NetworkInterface.swift */,
				F03 /* ProxyConfig.swift */,
				F15 /* LogEntry.swift */,
			);
			path = Models;
			sourceTree = "<group>";
		};
		611 /* Services */ = {
			isa = PBXGroup;
			children = (
				F04 /* NetworkProxyManager.swift */,
				F14 /* KeychainHelper.swift */,
				F16 /* LogStore.swift */,
				F18 /* SOCKS5BridgeServer.swift */,
			);
			path = Services;
			sourceTree = "<group>";
		};
		612 /* ViewModels */ = {
			isa = PBXGroup;
			children = (
				F05 /* ProxyStateViewModel.swift */,
				F06 /* UpdaterViewModel.swift */,
			);
			path = ViewModels;
			sourceTree = "<group>";
		};
		613 /* Views */ = {
			isa = PBXGroup;
			children = (
				F07 /* ContentView.swift */,
				F08 /* MenuBarView.swift */,
				F09 /* SettingsView.swift */,
				F10 /* StatusBadgeView.swift */,
				F17 /* LogsView.swift */,
			);
			path = Views;
			sourceTree = "<group>";
		};
		602 /* SockystickTests */ = {
			isa = PBXGroup;
			children = (
				FT01 /* NetworkProxyManagerTests.swift */,
				FT02 /* ProxyConfigTests.swift */,
				FT03 /* ProxyStateViewModelTests.swift */,
				FT04 /* KeychainHelperTests.swift */,
				FT05 /* LogStoreTests.swift */,
				FT06 /* SOCKS5BridgeServerTests.swift */,
			);
			path = SockystickTests;
			sourceTree = "<group>";
		};
		603 /* SockystickUITests */ = {
			isa = PBXGroup;
			children = (
				FU01 /* SockystickUITests.swift */,
			);
			path = SockystickUITests;
			sourceTree = "<group>";
		};
		604 /* Products */ = {
			isa = PBXGroup;
			children = (
				P02 /* Sockystick.app */,
				PT01 /* SockystickTests.xctest */,
				PU01 /* SockystickUITests.xctest */,
			);
			name = Products;
			sourceTree = "<group>";
		};
/* End PBXGroup section */

/* Begin PBXNativeTarget section */
		T01 /* Sockystick */ = {
			isa = PBXNativeTarget;
			buildConfigurationList = Z01 /* Build configuration list for PBXNativeTarget "Sockystick" */;
			buildPhases = (
				S01 /* Sources */,
				501 /* Frameworks */,
				R01 /* Resources */,
			);
			buildRules = (
			);
			dependencies = (
			);
			name = Sockystick;
			packageProductDependencies = (
				P01 /* Sparkle */,
			);
			productName = Sockystick;
			productReference = P02 /* Sockystick.app */;
			productType = "com.apple.product-type.application";
		};
		T02 /* SockystickTests */ = {
			isa = PBXNativeTarget;
			buildConfigurationList = Z02 /* Build configuration list for PBXNativeTarget "SockystickTests" */;
			buildPhases = (
				S02 /* Sources */,
				502 /* Frameworks */,
			);
			buildRules = (
			);
			dependencies = (
				D01 /* PBXTargetDependency */,
			);
			name = SockystickTests;
			productName = SockystickTests;
			productReference = PT01 /* SockystickTests.xctest */;
			productType = "com.apple.product-type.bundle.unit-test";
		};
		T03 /* SockystickUITests */ = {
			isa = PBXNativeTarget;
			buildConfigurationList = Z03 /* Build configuration list for PBXNativeTarget "SockystickUITests" */;
			buildPhases = (
				S03 /* Sources */,
				503 /* Frameworks */,
			);
			buildRules = (
			);
			dependencies = (
				D02 /* PBXTargetDependency */,
			);
			name = SockystickUITests;
			productName = SockystickUITests;
			productReference = PU01 /* SockystickUITests.xctest */;
			productType = "com.apple.product-type.bundle.ui-testing";
		};
/* End PBXNativeTarget section */

/* Begin PBXProject section */
		900 /* Project object */ = {
			isa = PBXProject;
			attributes = {
				BuildIndependentTargetsInParallel = 1;
				LastSwiftUpdateCheck = 1500;
				LastUpgradeCheck = 1500;
				TargetAttributes = {
					T01 = {
						CreatedOnToolsVersion = 15.0;
					};
					T02 = {
						CreatedOnToolsVersion = 15.0;
						TestTargetID = T01;
					};
					T03 = {
						CreatedOnToolsVersion = 15.0;
						TestTargetID = T01;
					};
				};
			};
			buildConfigurationList = Z00 /* Build configuration list for PBXProject "Sockystick" */;
			compatibilityVersion = "Xcode 14.0";
			developmentRegion = en;
			hasScannedForEncodings = 0;
			knownRegions = (
				en,
				Base,
			);
			mainGroup = 600;
			packageReferences = (
				PR01 /* XCRemoteSwiftPackageReference "Sparkle" */,
			);
			productRefGroup = 604 /* Products */;
			projectDirPath = "";
			projectRoot = "";
			targets = (
				T01 /* Sockystick */,
				T02 /* SockystickTests */,
				T03 /* SockystickUITests */,
			);
		};
/* End PBXProject section */

/* Begin PBXResourcesBuildPhase section */
		R01 /* Resources */ = {
			isa = PBXResourcesBuildPhase;
			buildActionMask = 2147483647;
			files = (
				B11 /* Assets.xcassets in Resources */,
			);
			runOnlyForDeploymentPostprocessing = 0;
		};
/* End PBXResourcesBuildPhase section */

/* Begin PBXSourcesBuildPhase section */
		S01 /* Sources */ = {
			isa = PBXSourcesBuildPhase;
			buildActionMask = 2147483647;
			files = (
				B01 /* SockystickApp.swift in Sources */,
				B02 /* NetworkInterface.swift in Sources */,
				B03 /* ProxyConfig.swift in Sources */,
				B04 /* NetworkProxyManager.swift in Sources */,
				B05 /* ProxyStateViewModel.swift in Sources */,
				B06 /* UpdaterViewModel.swift in Sources */,
				B07 /* ContentView.swift in Sources */,
				B08 /* MenuBarView.swift in Sources */,
				B09 /* SettingsView.swift in Sources */,
				B10 /* StatusBadgeView.swift in Sources */,
				B13 /* KeychainHelper.swift in Sources */,
				B14 /* LogEntry.swift in Sources */,
				B15 /* LogStore.swift in Sources */,
				B16 /* LogsView.swift in Sources */,
				B17 /* SOCKS5BridgeServer.swift in Sources */,
			);
			runOnlyForDeploymentPostprocessing = 0;
		};
		S02 /* Sources */ = {
			isa = PBXSourcesBuildPhase;
			buildActionMask = 2147483647;
			files = (
				BT01 /* NetworkProxyManagerTests.swift in Sources */,
				BT02 /* ProxyConfigTests.swift in Sources */,
				BT03 /* ProxyStateViewModelTests.swift in Sources */,
				BT04 /* KeychainHelperTests.swift in Sources */,
				BT05 /* LogStoreTests.swift in Sources */,
				BT06 /* SOCKS5BridgeServerTests.swift in Sources */,
			);
			runOnlyForDeploymentPostprocessing = 0;
		};
		S03 /* Sources */ = {
			isa = PBXSourcesBuildPhase;
			buildActionMask = 2147483647;
			files = (
				BU01 /* SockystickUITests.swift in Sources */,
			);
			runOnlyForDeploymentPostprocessing = 0;
		};
/* End PBXSourcesBuildPhase section */

/* Begin PBXTargetDependency section */
		D01 /* PBXTargetDependency */ = {
			isa = PBXTargetDependency;
			target = T01 /* Sockystick */;
			targetProxy = C01 /* PBXContainerItemProxy */;
		};
		D02 /* PBXTargetDependency */ = {
			isa = PBXTargetDependency;
			target = T01 /* Sockystick */;
			targetProxy = C02 /* PBXContainerItemProxy */;
		};
/* End PBXTargetDependency section */

/* Begin XCBuildConfiguration section */
		C_DEBUG_PROJ = {
			isa = XCBuildConfiguration;
			buildSettings = {
				ALWAYS_SEARCH_USER_PATHS = NO;
				CLANG_ANALYZER_NONNULL = YES;
				CLANG_ANALYZER_NUMBER_OBJECT_CONVERSION = YES_AGGRESSIVE;
				CLANG_CXX_LANGUAGE_STANDARD = "gnu++20";
				CLANG_ENABLE_MODULES = YES;
				CLANG_ENABLE_OBJC_ARC = YES;
				CLANG_ENABLE_OBJC_WEAK = YES;
				COPY_PHASE_STRIP = NO;
				DEBUG_INFORMATION_FORMAT = dwarf;
				ENABLE_STRICT_OBJC_MSGSEND = YES;
				ENABLE_TESTABILITY = YES;
				GCC_C_LANGUAGE_STANDARD = gnu11;
				GCC_DYNAMIC_NO_PIC = NO;
				GCC_NO_COMMON_BLOCKS = YES;
				GCC_OPTIMIZATION_LEVEL = 0;
				GCC_PREPROCESSOR_DEFINITIONS = (
					"DEBUG=1",
					"$(inherited)",
				);
				GCC_WARN_64_TO_32_BIT_CONVERSION = YES;
				GCC_WARN_ABOUT_RETURN_TYPE = YES_ERROR;
				GCC_WARN_UNDECLARED_SELECTOR = YES;
				GCC_WARN_UNINITIALIZED_AUTOS = YES_AGGRESSIVE;
				GCC_WARN_UNUSED_FUNCTION = YES;
				GCC_WARN_UNUSED_VARIABLE = YES;
				MACOSX_DEPLOYMENT_TARGET = 13.0;
				MTL_ENABLE_DEBUG_INFO = INCLUDE_SOURCE;
				MTL_FAST_MATH = YES;
				ONLY_ACTIVE_ARCH = YES;
				SDKROOT = macosx;
				SWIFT_ACTIVE_COMPILATION_CONDITIONS = DEBUG;
				SWIFT_OPTIMIZATION_LEVEL = "-Onone";
			};
			name = Debug;
		};
		C_RELEASE_PROJ = {
			isa = XCBuildConfiguration;
			buildSettings = {
				ALWAYS_SEARCH_USER_PATHS = NO;
				CLANG_ANALYZER_NONNULL = YES;
				CLANG_ANALYZER_NUMBER_OBJECT_CONVERSION = YES_AGGRESSIVE;
				CLANG_CXX_LANGUAGE_STANDARD = "gnu++20";
				CLANG_ENABLE_MODULES = YES;
				CLANG_ENABLE_OBJC_ARC = YES;
				CLANG_ENABLE_OBJC_WEAK = YES;
				COPY_PHASE_STRIP = NO;
				DEBUG_INFORMATION_FORMAT = "dwarf-with-dsym";
				ENABLE_NS_ASSERTIONS = NO;
				ENABLE_STRICT_OBJC_MSGSEND = YES;
				GCC_C_LANGUAGE_STANDARD = gnu11;
				GCC_NO_COMMON_BLOCKS = YES;
				GCC_WARN_64_TO_32_BIT_CONVERSION = YES;
				GCC_WARN_ABOUT_RETURN_TYPE = YES_ERROR;
				GCC_WARN_UNDECLARED_SELECTOR = YES;
				GCC_WARN_UNINITIALIZED_AUTOS = YES_AGGRESSIVE;
				GCC_WARN_UNUSED_FUNCTION = YES;
				GCC_WARN_UNUSED_VARIABLE = YES;
				MACOSX_DEPLOYMENT_TARGET = 13.0;
				MTL_FAST_MATH = YES;
				SDKROOT = macosx;
				SWIFT_COMPILATION_MODE = wholemodule;
				SWIFT_OPTIMIZATION_LEVEL = "-O";
			};
			name = Release;
		};
		C_DEBUG_APP = {
			isa = XCBuildConfiguration;
			buildSettings = {
				ASSETCATALOG_COMPILER_APPICON_NAME = AppIcon;
				ASSETCATALOG_COMPILER_GLOBAL_ACCENT_COLOR_NAME = AccentColor;
				CODE_SIGN_ENTITLEMENTS = Sockystick/Sockystick.entitlements;
				CODE_SIGN_STYLE = Automatic;
				COMBINE_HIDPI_IMAGES = YES;
				CURRENT_PROJECT_VERSION = 1.0.0;
				GENERATE_INFOPLIST_FILE = NO;
				INFOPLIST_FILE = Sockystick/Info.plist;
				LD_RUNPATH_SEARCH_PATHS = (
					"$(inherited)",
					"@executable_path/../Frameworks",
				);
				MARKETING_VERSION = 1.0.0;
				PRODUCT_BUNDLE_IDENTIFIER = com.binoio.sockystick;
				PRODUCT_NAME = "$(TARGET_NAME)";
				SWIFT_EMIT_LOC_UPTO_DATE_CHECK = YES;
				SWIFT_VERSION = 5.0;
			};
			name = Debug;
		};
		C_RELEASE_APP = {
			isa = XCBuildConfiguration;
			buildSettings = {
				ASSETCATALOG_COMPILER_APPICON_NAME = AppIcon;
				ASSETCATALOG_COMPILER_GLOBAL_ACCENT_COLOR_NAME = AccentColor;
				CODE_SIGN_ENTITLEMENTS = Sockystick/Sockystick.entitlements;
				CODE_SIGN_STYLE = Automatic;
				COMBINE_HIDPI_IMAGES = YES;
				CURRENT_PROJECT_VERSION = 1.0.0;
				GENERATE_INFOPLIST_FILE = NO;
				INFOPLIST_FILE = Sockystick/Info.plist;
				LD_RUNPATH_SEARCH_PATHS = (
					"$(inherited)",
					"@executable_path/../Frameworks",
				);
				MARKETING_VERSION = 1.0.0;
				PRODUCT_BUNDLE_IDENTIFIER = com.binoio.sockystick;
				PRODUCT_NAME = "$(TARGET_NAME)";
				SWIFT_EMIT_LOC_UPTO_DATE_CHECK = YES;
				SWIFT_VERSION = 5.0;
			};
			name = Release;
		};
		C_DEBUG_TEST = {
			isa = XCBuildConfiguration;
			buildSettings = {
				BUNDLE_LOADER = "$(TEST_HOST)";
				COMBINE_HIDPI_IMAGES = YES;
				GENERATE_INFOPLIST_FILE = YES;
				PRODUCT_BUNDLE_IDENTIFIER = com.binoio.SockystickTests;
				PRODUCT_NAME = "$(TARGET_NAME)";
				SWIFT_VERSION = 5.0;
				TEST_HOST = "$(BUILT_PRODUCTS_DIR)/Sockystick.app/Contents/MacOS/Sockystick";
			};
			name = Debug;
		};
		C_RELEASE_TEST = {
			isa = XCBuildConfiguration;
			buildSettings = {
				BUNDLE_LOADER = "$(TEST_HOST)";
				COMBINE_HIDPI_IMAGES = YES;
				GENERATE_INFOPLIST_FILE = YES;
				PRODUCT_BUNDLE_IDENTIFIER = com.binoio.SockystickTests;
				PRODUCT_NAME = "$(TARGET_NAME)";
				SWIFT_VERSION = 5.0;
				TEST_HOST = "$(BUILT_PRODUCTS_DIR)/Sockystick.app/Contents/MacOS/Sockystick";
			};
			name = Release;
		};
		C_DEBUG_UITEST = {
			isa = XCBuildConfiguration;
			buildSettings = {
				COMBINE_HIDPI_IMAGES = YES;
				GENERATE_INFOPLIST_FILE = YES;
				PRODUCT_BUNDLE_IDENTIFIER = com.binoio.SockystickUITests;
				PRODUCT_NAME = "$(TARGET_NAME)";
				SWIFT_VERSION = 5.0;
				TEST_TARGET_NAME = Sockystick;
			};
			name = Debug;
		};
		C_RELEASE_UITEST = {
			isa = XCBuildConfiguration;
			buildSettings = {
				COMBINE_HIDPI_IMAGES = YES;
				GENERATE_INFOPLIST_FILE = YES;
				PRODUCT_BUNDLE_IDENTIFIER = com.binoio.SockystickUITests;
				PRODUCT_NAME = "$(TARGET_NAME)";
				SWIFT_VERSION = 5.0;
				TEST_TARGET_NAME = Sockystick;
			};
			name = Release;
		};
/* End XCBuildConfiguration section */

/* Begin XCConfigurationList section */
		Z00 /* Build configuration list for PBXProject "Sockystick" */ = {
			isa = XCConfigurationList;
			buildConfigurations = (
				C_DEBUG_PROJ /* Debug */,
				C_RELEASE_PROJ /* Release */,
			);
			defaultConfigurationIsVisible = 0;
			defaultConfigurationName = Release;
		};
		Z01 /* Build configuration list for PBXNativeTarget "Sockystick" */ = {
			isa = XCConfigurationList;
			buildConfigurations = (
				C_DEBUG_APP /* Debug */,
				C_RELEASE_APP /* Release */,
			);
			defaultConfigurationIsVisible = 0;
			defaultConfigurationName = Release;
		};
		Z02 /* Build configuration list for PBXNativeTarget "SockystickTests" */ = {
			isa = XCConfigurationList;
			buildConfigurations = (
				C_DEBUG_TEST /* Debug */,
				C_RELEASE_TEST /* Release */,
			);
			defaultConfigurationIsVisible = 0;
			defaultConfigurationName = Release;
		};
		Z03 /* Build configuration list for PBXNativeTarget "SockystickUITests" */ = {
			isa = XCConfigurationList;
			buildConfigurations = (
				C_DEBUG_UITEST /* Debug */,
				C_RELEASE_UITEST /* Release */,
			);
			defaultConfigurationIsVisible = 0;
			defaultConfigurationName = Release;
		};
/* End XCConfigurationList section */

/* Begin XCRemoteSwiftPackageReference section */
		PR01 /* XCRemoteSwiftPackageReference "Sparkle" */ = {
			isa = XCRemoteSwiftPackageReference;
			repositoryURL = "https://github.com/sparkle-project/Sparkle";
			requirement = {
				kind = upToNextMajorVersion;
				minimumVersion = 2.6.0;
			};
		};
/* End XCRemoteSwiftPackageReference section */

/* Begin XCSwiftPackageProductDependency section */
		P01 /* Sparkle */ = {
			isa = XCSwiftPackageProductDependency;
			package = PR01 /* XCRemoteSwiftPackageReference "Sparkle" */;
			productName = Sparkle;
		};
/* End XCSwiftPackageProductDependency section */

	};
	rootObject = 900 /* Project object */;
}
